<?xml version="1.0" encoding="utf-8"?>
<Project ToolsVersion="4.0" xmlns="http://schemas.microsoft.com/developer/msbuild/2003">
  <ItemGroup>
    <Filter Include="源文件">
      <UniqueIdentifier>{4FC737F1-C7A5-4376-A066-2A32D752A2FF}</UniqueIdentifier>
      <Extensions>cpp;c;cc;cxx;def;odl;idl;hpj;bat;asm;asmx</Extensions>
    </Filter>
    <Filter Include="头文件">
      <UniqueIdentifier>{93995380-89BD-4b04-88EB-625FBE52EBFB}</UniqueIdentifier>
      <Extensions>h;hh;hpp;hxx;hm;inl;inc;ipp;xsd</Extensions>
    </Filter>
    <Filter Include="资源文件">
      <UniqueIdentifier>{67DA6AB6-F800-4c08-8B7A-83BB121AAD01}</UniqueIdentifier>
      <Extensions>rc;ico;cur;bmp;dlg;rc2;rct;bin;rgs;gif;jpg;jpeg;jpe;resx;tiff;tif;png;wav;mfcribbon-ms</Extensions>
    </Filter>
  </ItemGroup>
  <ItemGroup>
    <ClInclude Include="mOCCT.h">
      <Filter>头文件</Filter>
    </ClInclude>
    <ClInclude Include="stdafx.h">
      <Filter>头文件</Filter>
    </ClInclude>
    <ClInclude Include="targetver.h">
      <Filter>头文件</Filter>
    </ClInclude>
    <ClInclude Include="MainFrm.h">
      <Filter>头文件</Filter>
    </ClInclude>
    <ClInclude Include="mOCCTDoc.h">
      <Filter>头文件</Filter>
    </ClInclude>
    <ClInclude Include="mOCCTView.h">
      <Filter>头文件</Filter>
    </ClInclude>
    <ClInclude Include="Resource.h">
      <Filter>头文件</Filter>
    </ClInclude>
    <ClInclude Include="ColoredShapes.h">
      <Filter>头文件</Filter>
    </ClInclude>
    <ClInclude Include="listview.h">
      <Filter>头文件</Filter>
    </ClInclude>
    <ClInclude Include="GeoSource.h">
      <Filter>头文件</Filter>
    </ClInclude>
    <ClInclude Include="ISession_Point.h">
      <Filter>头文件</Filter>
    </ClInclude>
    <ClInclude Include="ISession_Direction.h">
      <Filter>头文件</Filter>
    </ClInclude>
    <ClInclude Include="GSL_SVD.h">
      <Filter>头文件</Filter>
    </ClInclude>
    <ClInclude Include="TNT_Test.h">
      <Filter>头文件</Filter>
    </ClInclude>
    <ClInclude Include="TemplateDlg.h">
      <Filter>头文件</Filter>
    </ClInclude>
    <ClInclude Include="CMethodDlg.h">
      <Filter>头文件</Filter>
    </ClInclude>
    <ClInclude Include="CMethodDlg2.h">
      <Filter>头文件</Filter>
    </ClInclude>
  </ItemGroup>
  <ItemGroup>
    <ClCompile Include="mOCCT.cpp">
      <Filter>源文件</Filter>
    </ClCompile>
    <ClCompile Include="stdafx.cpp">
      <Filter>源文件</Filter>
    </ClCompile>
    <ClCompile Include="MainFrm.cpp">
      <Filter>源文件</Filter>
    </ClCompile>
    <ClCompile Include="mOCCTDoc.cpp">
      <Filter>源文件</Filter>
    </ClCompile>
    <ClCompile Include="mOCCTView.cpp">
      <Filter>源文件</Filter>
    </ClCompile>
    <ClCompile Include="ColoredShapes.cpp">
      <Filter>源文件</Filter>
    </ClCompile>
    <ClCompile Include="listview.cpp">
      <Filter>源文件</Filter>
    </ClCompile>
    <ClCompile Include="GeoSource.cpp">
      <Filter>源文件</Filter>
    </ClCompile>
    <ClCompile Include="ISession_Point.cpp">
      <Filter>源文件</Filter>
    </ClCompile>
    <ClCompile Include="ISession_Direction.cpp">
      <Filter>源文件</Filter>
    </ClCompile>
    <ClCompile Include="GSL_SVD.cpp">
      <Filter>源文件</Filter>
    </ClCompile>
    <ClCompile Include="TNT_Test.cpp">
      <Filter>源文件</Filter>
    </ClCompile>
    <ClCompile Include="TemplateDlg.cpp">
      <Filter>源文件</Filter>
    </ClCompile>
    <ClCompile Include="CMethodDlg.cpp">
      <Filter>源文件</Filter>
    </ClCompile>
    <ClCompile Include="CMethodDlg2.cpp">
      <Filter>源文件</Filter>
    </ClCompile>
  </ItemGroup>
  <ItemGroup>
    <ResourceCompile Include="mOCCT.rc">
      <Filter>资源文件</Filter>
    </ResourceCompile>
  </ItemGroup>
  <ItemGroup>
    <None Include="res\mOCCT.rc2">
      <Filter>资源文件</Filter>
    </None>
  </ItemGroup>
  <ItemGroup>
    <Image Include="res\mOCCTDoc.ico">
      <Filter>资源文件</Filter>
    </Image>
    <Image Include="res\mOCCT.ico">
      <Filter>资源文件</Filter>
    </Image>
    <Image Include="res\Toolbar.bmp">
      <Filter>资源文件</Filter>
    </Image>
  </ItemGroup>
</Project>